
Microsoft Visual Studio Solution File, Format Version 12.00
# Visual Studio Version 16
VisualStudioVersion = 16.0.29102.190
MinimumVisualStudioVersion = 10.0.40219.1
Project("{FAE04EC0-301F-11D3-BF4B-00C04F79EFBC}") = "IssueML", "IssueML\IssueML.csproj", "{5A373CE9-41A6-4CF3-9C98-B22A98C0E1CC}"
EndProject
Project("{9A19103F-16F7-4668-BE54-9A1E7A4F7556}") = "IssueMLML.Model", "IssueMLML.Model\IssueMLML.Model.csproj", "{5736819D-30FF-42EF-8E8A-4B6B4E29BF63}"
EndProject
Project("{9A19103F-16F7-4668-BE54-9A1E7A4F7556}") = "IssueMLML.ConsoleApp", "IssueMLML.ConsoleApp\IssueMLML.ConsoleApp.csproj", "{D1DD51AC-90C4-468D-9709-070BAC9CA1AF}"
EndProject
Global
	GlobalSection(SolutionConfigurationPlatforms) = preSolution
		Debug|Any CPU = Debug|Any CPU
		Release|Any CPU = Release|Any CPU
	EndGlobalSection
	GlobalSection(ProjectConfigurationPlatforms) = postSolution
		{5A373CE9-41A6-4CF3-9C98-B22A98C0E1CC}.Debug|Any CPU.ActiveCfg = Debug|Any CPU
		{5A373CE9-41A6-4CF3-9C98-B22A98C0E1CC}.Debug|Any CPU.Build.0 = Debug|Any CPU
		{5A373CE9-41A6-4CF3-9C98-B22A98C0E1CC}.Release|Any CPU.ActiveCfg = Release|Any CPU
		{5A373CE9-41A6-4CF3-9C98-B22A98C0E1CC}.Release|Any CPU.Build.0 = Release|Any CPU
		{5736819D-30FF-42EF-8E8A-4B6B4E29BF63}.Debug|Any CPU.ActiveCfg = Debug|Any CPU
		{5736819D-30FF-42EF-8E8A-4B6B4E29BF63}.Debug|Any CPU.Build.0 = Debug|Any CPU
		{5736819D-30FF-42EF-8E8A-4B6B4E29BF63}.Release|Any CPU.ActiveCfg = Release|Any CPU
		{5736819D-30FF-42EF-8E8A-4B6B4E29BF63}.Release|Any CPU.Build.0 = Release|Any CPU
		{D1DD51AC-90C4-468D-9709-070BAC9CA1AF}.Debug|Any CPU.ActiveCfg = Debug|Any CPU
		{D1DD51AC-90C4-468D-9709-070BAC9CA1AF}.Debug|Any CPU.Build.0 = Debug|Any CPU
		{D1DD51AC-90C4-468D-9709-070BAC9CA1AF}.Release|Any CPU.ActiveCfg = Release|Any CPU
		{D1DD51AC-90C4-468D-9709-070BAC9CA1AF}.Release|Any CPU.Build.0 = Release|Any CPU
	EndGlobalSection
	GlobalSection(SolutionProperties) = preSolution
		HideSolutionNode = FALSE
	EndGlobalSection
	GlobalSection(ExtensibilityGlobals) = postSolution
		SolutionGuid = {7A45156F-C58E-409E-AF29-BAA8B3DE1B09}
	EndGlobalSection
EndGlobal
